{
  "name": "perry-test",
  "version": "1.0.0",
  "lockfileVersion": 3,
  "requires": true,
  "packages": {
    "": {
      "name": "perry-test",
      "version": "1.0.0",
      "license": "ISC",
      "dependencies": {
        "@perryts/perry": "^0.5.1008",
        "@piying/valibot-visit": "^1.3.13",
        "@piying/view-core": "^2.9.5",
        "rxjs": "^7.8.2",
        "valibot": "^1.4.0"
      }
    },
    "node_modules/@hyperjump/browser": {
      "version": "1.3.1",
      "resolved": "https://registry.npmjs.org/@hyperjump/browser/-/browser-1.3.1.tgz",
      "integrity": "sha512-Le5XZUjnVqVjkgLYv6yyWgALat/0HpB1XaCPuCZ+GCFki9NvXloSZITIJ0H+wRW7mb9At1SxvohKBbNQbrr/cw==",
      "license": "MIT",
      "peer": true,
      "dependencies": {
        "@hyperjump/json-pointer": "^1.1.0",
        "@hyperjump/uri": "^1.2.0",
        "content-type": "^1.0.5",
        "just-curry-it": "^5.3.0"
      },
      "engines": {
        "node": ">=18.0.0"
      },
      "funding": {
        "type": "github",
        "url": "https://github.com/sponsors/jdesrosiers"
      }
    },
    "node_modules/@hyperjump/json-pointer": {
      "version": "1.1.2",
      "resolved": "https://registry.npmjs.org/@hyperjump/json-pointer/-/json-pointer-1.1.2.tgz",
      "integrity": "sha512-zPNgu1zdhtjQHFNLGzvEsLDsLOEvhRj6u6ktIQmlz7YPESv5uF8SnAe3Dq0oL6gZ6OGWSLq2n7pphRNF6Hpg6w==",
      "license": "MIT",
      "funding": {
        "type": "github",
        "url": "https://github.com/sponsors/jdesrosiers"
      }
    },
    "node_modules/@hyperjump/json-schema": {
      "version": "1.17.6",
      "resolved": "https://registry.npmjs.org/@hyperjump/json-schema/-/json-schema-1.17.6.tgz",
      "integrity": "sha512-m0QggWCn58IACqLi3fqI9cuUrFju79DVAxjkDENo+xgE26963rudPMwKwwlkZkB+JqAgu+OGvJAMfE1toevfGw==",
      "license": "MIT",
      "dependencies": {
        "@hyperjump/json-pointer": "^1.1.0",
        "@hyperjump/json-schema-formats": "^1.0.0",
        "@hyperjump/pact": "^1.2.0",
        "@hyperjump/uri": "^1.2.0",
        "content-type": "^1.0.4",
        "json-stringify-deterministic": "^1.0.12",
        "just-curry-it": "^5.3.0",
        "uuid": "^14.0.0"
      },
      "funding": {
        "type": "github",
        "url": "https://github.com/sponsors/jdesrosiers"
      },
      "peerDependencies": {
        "@hyperjump/browser": "^1.1.0"
      }
    },
    "node_modules/@hyperjump/json-schema-formats": {
      "version": "1.0.1",
      "resolved": "https://registry.npmjs.org/@hyperjump/json-schema-formats/-/json-schema-formats-1.0.1.tgz",
      "integrity": "sha512-qvcIxysnMfcPxyPSFFzzo28o2BN1CNT5b0tQXNUP0kaFpvptQNDg8SCLvlnMg2sYxuiuqna8+azGBaBthiskAw==",
      "license": "MIT",
      "dependencies": {
        "@hyperjump/uri": "^1.3.2",
        "idn-hostname": "^15.1.2"
      },
      "funding": {
        "type": "github",
        "url": "https://github.com/sponsors/hyperjump-io"
      }
    },
    "node_modules/@hyperjump/pact": {
      "version": "1.4.0",
      "resolved": "https://registry.npmjs.org/@hyperjump/pact/-/pact-1.4.0.tgz",
      "integrity": "sha512-01Q7VY6BcAkp9W31Fv+ciiZycxZHGlR2N6ba9BifgyclHYHdbaZgITo0U6QMhYRlem4k8pf8J31/tApxvqAz8A==",
      "license": "MIT",
      "funding": {
        "type": "github",
        "url": "https://github.com/sponsors/jdesrosiers"
      }
    },
    "node_modules/@hyperjump/uri": {
      "version": "1.3.4",
      "resolved": "https://registry.npmjs.org/@hyperjump/uri/-/uri-1.3.4.tgz",
      "integrity": "sha512-aUVWwu2GtC/cU4DwdTM+b+5jjboM6wft6vNg1+7pUTk/nNRNaBYcYhaEnCir9eRLBbkcGPkiEO7XRUlcDkxj4Q==",
      "license": "MIT",
      "funding": {
        "type": "github",
        "url": "https://github.com/sponsors/jdesrosiers"
      }
    },
    "node_modules/@perryts/perry": {
      "version": "0.5.1008",
      "resolved": "https://registry.npmjs.org/@perryts/perry/-/perry-0.5.1008.tgz",
      "integrity": "sha512-j/zRMBK4xwTKfvWb6sOG78Aqr+DkrM9WjoMRENRUqtedmMfRJ6uosOfFNuktclCMDkmCo721EmGghCcbBDKKag==",
      "license": "MIT",
      "bin": {
        "perry": "bin/perry.js"
      },
      "engines": {
        "node": ">=16"
      },
      "optionalDependencies": {
        "@perryts/perry-darwin-arm64": "0.5.1008",
        "@perryts/perry-darwin-x64": "0.5.1008",
        "@perryts/perry-linux-arm64": "0.5.1008",
        "@perryts/perry-linux-arm64-musl": "0.5.1008",
        "@perryts/perry-linux-x64": "0.5.1008",
        "@perryts/perry-linux-x64-musl": "0.5.1008",
        "@perryts/perry-win32-x64": "0.5.1008"
      }
    },
    "node_modules/@perryts/perry-darwin-arm64": {
      "version": "0.5.1008",
      "resolved": "https://registry.npmjs.org/@perryts/perry-darwin-arm64/-/perry-darwin-arm64-0.5.1008.tgz",
      "integrity": "sha512-ucIm0zTcNTSO6R909I0ZaBUKvz5pDR3JT7LhIsa9qAqPYRXinx4nAln+1XIZd5858BeT2tOcWPExRqtd8vBxjQ==",
      "cpu": [
        "arm64"
      ],
      "license": "MIT",
      "optional": true,
      "os": [
        "darwin"
      ]
    },
    "node_modules/@perryts/perry-darwin-x64": {
      "version": "0.5.1008",
      "resolved": "https://registry.npmjs.org/@perryts/perry-darwin-x64/-/perry-darwin-x64-0.5.1008.tgz",
      "integrity": "sha512-dS/yRX+//z+daDltkCzEVrfoKH2/QSRBo9EzKTPHqenxDpjaPONMKk51tePtCGkvboRUwpQ+mbY7/Xt9MAHTnw==",
      "cpu": [
        "x64"
      ],
      "license": "MIT",
      "optional": true,
      "os": [
        "darwin"
      ]
    },
    "node_modules/@perryts/perry-linux-arm64": {
      "version": "0.5.1008",
      "resolved": "https://registry.npmjs.org/@perryts/perry-linux-arm64/-/perry-linux-arm64-0.5.1008.tgz",
      "integrity": "sha512-PLQvSOYH4xaSFYH7xvKjtt9nMM5DikFzSLb5OZ/FTY/WpzQx/DrjpfYnrrUaFMsoNcvMekfU69jBrHZeE7q7KQ==",
      "cpu": [
        "arm64"
      ],
      "license": "MIT",
      "optional": true,
      "os": [
        "linux"
      ]
    },
    "node_modules/@perryts/perry-linux-arm64-musl": {
      "version": "0.5.1008",
      "resolved": "https://registry.npmjs.org/@perryts/perry-linux-arm64-musl/-/perry-linux-arm64-musl-0.5.1008.tgz",
      "integrity": "sha512-xl0PQ24xD60FJl50wA2okcCLwaKnpqru+6nDoHtXWhb+fUP9GUxodhgER/w6VTpZSZvLonSN6RDeUFw7w8uyyw==",
      "cpu": [
        "arm64"
      ],
      "license": "MIT",
      "optional": true,
      "os": [
        "linux"
      ]
    },
    "node_modules/@perryts/perry-linux-x64": {
      "version": "0.5.1008",
      "resolved": "https://registry.npmjs.org/@perryts/perry-linux-x64/-/perry-linux-x64-0.5.1008.tgz",
      "integrity": "sha512-DIXp0bJCuruf5xqJNqs/0WhfDxmhbY3wTBtw8hSDwzevE2qljY8UXjVuUHzrx28tBJzUFD+KE3DGwcM8bQFUHQ==",
      "cpu": [
        "x64"
      ],
      "license": "MIT",
      "optional": true,
      "os": [
        "linux"
      ]
    },
    "node_modules/@perryts/perry-linux-x64-musl": {
      "version": "0.5.1008",
      "resolved": "https://registry.npmjs.org/@perryts/perry-linux-x64-musl/-/perry-linux-x64-musl-0.5.1008.tgz",
      "integrity": "sha512-cMsZY6VwbqaPCsyOCGFe5LIxCzmx6X+Oi7EOaORFEK44DB9/TXn6uL5hKeI/Gg5fCmLCcXSHsrejrILpvB+pWQ==",
      "cpu": [
        "x64"
      ],
      "license": "MIT",
      "optional": true,
      "os": [
        "linux"
      ]
    },
    "node_modules/@perryts/perry-win32-x64": {
      "version": "0.5.1008",
      "resolved": "https://registry.npmjs.org/@perryts/perry-win32-x64/-/perry-win32-x64-0.5.1008.tgz",
      "integrity": "sha512-cp27yOVX+sWEs4k0aa7+PVpZu3FXsX6v9bk1J3Hh6v0SaOc38Tpqd1F6KLevU6a4aE6K6wcstSGF7oO75TfN5Q==",
      "cpu": [
        "x64"
      ],
      "license": "MIT",
      "optional": true,
      "os": [
        "win32"
      ]
    },
    "node_modules/@piying/valibot-visit": {
      "version": "1.3.13",
      "resolved": "https://registry.npmjs.org/@piying/valibot-visit/-/valibot-visit-1.3.13.tgz",
      "integrity": "sha512-+gQwofDHeVAzdlui0sfm3unYl2PRURJ7RfGbWoFghvM/ELS9CGlhAGROSLWGx1o+4rltY4q+gF4AlXaJCzBRuA==",
      "license": "MIT",
      "dependencies": {
        "valibot": "^1.1.0"
      }
    },
    "node_modules/@piying/view-core": {
      "version": "2.9.5",
      "resolved": "https://registry.npmjs.org/@piying/view-core/-/view-core-2.9.5.tgz",
      "integrity": "sha512-CmSGdOXv+a+SFcZZptlMrsGR1BPsu5WIATqkzQ328u1mlHH/Efa0a/5DQ3UgkeucIN2Cbk0PWggbXqRMJi6BBg==",
      "license": "MIT",
      "dependencies": {
        "@hyperjump/json-schema": "^1.16.4",
        "@piying/valibot-visit": "^1.2.7",
        "clsx": "^2.1.1",
        "es-toolkit": "^1.40.0",
        "fast-equals": "^5.2.2",
        "rfdc": "^1.4.1",
        "tslib": "^2.8.1"
      },
      "peerDependencies": {
        "valibot": "^1.1.0"
      }
    },
    "node_modules/clsx": {
      "version": "2.1.1",
      "resolved": "https://registry.npmjs.org/clsx/-/clsx-2.1.1.tgz",
      "integrity": "sha512-eYm0QWBtUrBWZWG0d386OGAw16Z995PiOVo2B7bjWSbHedGl5e0ZWaq65kOGgUSNesEIDkB9ISbTg/JK9dhCZA==",
      "license": "MIT",
      "engines": {
        "node": ">=6"
      }
    },
    "node_modules/content-type": {
      "version": "1.0.5",
      "resolved": "https://registry.npmjs.org/content-type/-/content-type-1.0.5.tgz",
      "integrity": "sha512-nTjqfcBFEipKdXCv4YDQWCfmcLZKm81ldF0pAopTvyrFGVbcR6P/VAAd5G7N+0tTr8QqiU0tFadD6FK4NtJwOA==",
      "license": "MIT",
      "engines": {
        "node": ">= 0.6"
      }
    },
    "node_modules/es-toolkit": {
      "version": "1.46.1",
      "resolved": "https://registry.npmjs.org/es-toolkit/-/es-toolkit-1.46.1.tgz",
      "integrity": "sha512-5eNtXOs3tbfxXOj04tjjseeWkRWaoCjdEI+96DgwzZoe6c9juL49pXlzAFTI72aWC9Y8p7168g6XIKjh7k6pyQ==",
      "license": "MIT",
      "workspaces": [
        "docs",
        "benchmarks"
      ]
    },
    "node_modules/fast-equals": {
      "version": "5.4.0",
      "resolved": "https://registry.npmjs.org/fast-equals/-/fast-equals-5.4.0.tgz",
      "integrity": "sha512-jt2DW/aNFNwke7AUd+Z+e6pz39KO5rzdbbFCg2sGafS4mk13MI7Z8O5z9cADNn5lhGODIgLwug6TZO2ctf7kcw==",
      "license": "MIT",
      "engines": {
        "node": ">=6.0.0"
      }
    },
    "node_modules/idn-hostname": {
      "version": "15.1.8",
      "resolved": "https://registry.npmjs.org/idn-hostname/-/idn-hostname-15.1.8.tgz",
      "integrity": "sha512-MmLwddtSVyMtzYxx+xs2IFEbfyg/facubL/mEaAoJX/XIfjt1ly5QhPByihf4yrxZYbkQfRZVEnBgISv/e2ZWw==",
      "license": "MIT",
      "dependencies": {
        "punycode": "^2.3.1"
      }
    },
    "node_modules/json-stringify-deterministic": {
      "version": "1.0.13",
      "resolved": "https://registry.npmjs.org/json-stringify-deterministic/-/json-stringify-deterministic-1.0.13.tgz",
      "integrity": "sha512-Gm2hkhXlhD69QplkQGmY30S8Ps5noSFzruJKbgmD/nkYIXimS/Q0P1YIbJkWe2nbWDIzERmtp+hWGzC3Vk3bZg==",
      "license": "MIT",
      "engines": {
        "node": ">= 4"
      }
    },
    "node_modules/just-curry-it": {
      "version": "5.3.0",
      "resolved": "https://registry.npmjs.org/just-curry-it/-/just-curry-it-5.3.0.tgz",
      "integrity": "sha512-silMIRiFjUWlfaDhkgSzpuAyQ6EX/o09Eu8ZBfmFwQMbax7+LQzeIU2CBrICT6Ne4l86ITCGvUCBpCubWYy0Yw==",
      "license": "MIT"
    },
    "node_modules/punycode": {
      "version": "2.3.1",
      "resolved": "https://registry.npmjs.org/punycode/-/punycode-2.3.1.tgz",
      "integrity": "sha512-vYt7UD1U9Wg6138shLtLOvdAu+8DsC/ilFtEVHcH+wydcSpNE20AfSOduf6MkRFahL5FY7X1oU7nKVZFtfq8Fg==",
      "license": "MIT",
      "engines": {
        "node": ">=6"
      }
    },
    "node_modules/rfdc": {
      "version": "1.4.1",
      "resolved": "https://registry.npmjs.org/rfdc/-/rfdc-1.4.1.tgz",
      "integrity": "sha512-q1b3N5QkRUWUl7iyylaaj3kOpIT0N2i9MqIEQXP73GVsN9cw3fdx8X63cEmWhJGi2PPCF23Ijp7ktmd39rawIA==",
      "license": "MIT"
    },
    "node_modules/rxjs": {
      "version": "7.8.2",
      "resolved": "https://registry.npmjs.org/rxjs/-/rxjs-7.8.2.tgz",
      "integrity": "sha512-dhKf903U/PQZY6boNNtAGdWbG85WAbjT/1xYoZIC7FAY0yWapOBQVsVrDl58W86//e1VpMNBtRV4MaXfdMySFA==",
      "license": "Apache-2.0",
      "dependencies": {
        "tslib": "^2.1.0"
      }
    },
    "node_modules/tslib": {
      "version": "2.8.1",
      "resolved": "https://registry.npmjs.org/tslib/-/tslib-2.8.1.tgz",
      "integrity": "sha512-oJFu94HQb+KVduSUQL7wnpmqnfmLsOA/nAh6b6EH0wCEoK0/mPeXU6c3wKDV83MkOuHPRHtSXKKU99IBazS/2w==",
      "license": "0BSD"
    },
    "node_modules/uuid": {
      "version": "14.0.0",
      "resolved": "https://registry.npmjs.org/uuid/-/uuid-14.0.0.tgz",
      "integrity": "sha512-Qo+uWgilfSmAhXCMav1uYFynlQO7fMFiMVZsQqZRMIXp0O7rR7qjkj+cPvBHLgBqi960QCoo/PH2/6ZtVqKvrg==",
      "funding": [
        "https://github.com/sponsors/broofa",
        "https://github.com/sponsors/ctavan"
      ],
      "license": "MIT",
      "bin": {
        "uuid": "dist-node/bin/uuid"
      }
    },
    "node_modules/valibot": {
      "version": "1.4.0",
      "resolved": "https://registry.npmjs.org/valibot/-/valibot-1.4.0.tgz",
      "integrity": "sha512-iC/x7fVcSyOwlm/VSt7RlHnzNGLGvR9GnxdifUeWoCJo0q4ZZvrVkIHC6faTlkxG47I2Y4UrFquPuVHCrOnrLg==",
      "license": "MIT",
      "peer": true,
      "peerDependencies": {
        "typescript": ">=5"
      },
      "peerDependenciesMeta": {
        "typescript": {
          "optional": true
        }
      }
    }
  }
}
