{
  "name": "perry-test",
  "version": "1.0.0",
  "lockfileVersion": 3,
  "requires": true,
  "packages": {
    "": {
      "name": "perry-test",
      "version": "1.0.0",
      "license": "ISC",
      "dependencies": {
        "@perryts/perry": "^0.5.923",
        "@piying/valibot-visit": "^1.3.13",
        "valibot": "^1.4.0"
      }
    },
    "node_modules/@perryts/perry": {
      "version": "0.5.923",
      "resolved": "https://registry.npmjs.org/@perryts/perry/-/perry-0.5.923.tgz",
      "integrity": "sha512-QkVvrrv5kSABR9hNy5GOr+xH0oLirHspVuxfidJ7Xgau/zrmb8lzd0OUN4azY6yQ5HABEuIBRqiRaqGer6M5TA==",
      "license": "MIT",
      "bin": {
        "perry": "bin/perry.js"
      },
      "engines": {
        "node": ">=16"
      },
      "optionalDependencies": {
        "@perryts/perry-darwin-arm64": "0.5.923",
        "@perryts/perry-darwin-x64": "0.5.923",
        "@perryts/perry-linux-arm64": "0.5.923",
        "@perryts/perry-linux-arm64-musl": "0.5.923",
        "@perryts/perry-linux-x64": "0.5.923",
        "@perryts/perry-linux-x64-musl": "0.5.923",
        "@perryts/perry-win32-x64": "0.5.923"
      }
    },
    "node_modules/@perryts/perry-darwin-arm64": {
      "version": "0.5.923",
      "resolved": "https://registry.npmjs.org/@perryts/perry-darwin-arm64/-/perry-darwin-arm64-0.5.923.tgz",
      "integrity": "sha512-d6qtnA+dFZy42WmEJ0cnKcgJeRMAFHx7NEno+v4GR5oQG9/uBGaUS4+5t0UuyvaDEk5TEzUsLxOFkov7TXnhlA==",
      "cpu": [
        "arm64"
      ],
      "license": "MIT",
      "optional": true,
      "os": [
        "darwin"
      ]
    },
    "node_modules/@perryts/perry-darwin-x64": {
      "version": "0.5.923",
      "resolved": "https://registry.npmjs.org/@perryts/perry-darwin-x64/-/perry-darwin-x64-0.5.923.tgz",
      "integrity": "sha512-x6Fg1ZD6NYzQ2nfgPQFwjbW96wGURwl6341l4TL4duUGtQgSqyJs3w5G4sYcEgtllIeEfj5a5UExNOj2Vl4wlQ==",
      "cpu": [
        "x64"
      ],
      "license": "MIT",
      "optional": true,
      "os": [
        "darwin"
      ]
    },
    "node_modules/@perryts/perry-linux-arm64": {
      "version": "0.5.923",
      "resolved": "https://registry.npmjs.org/@perryts/perry-linux-arm64/-/perry-linux-arm64-0.5.923.tgz",
      "integrity": "sha512-Q79mghqK+7Yqv40isWDeNwdrj32O4s5e97gK5XDj9Y3E5mtSO1/5Of3hFkMjSnXRdDm3AkndeI+3UxUF87IYUQ==",
      "cpu": [
        "arm64"
      ],
      "license": "MIT",
      "optional": true,
      "os": [
        "linux"
      ]
    },
    "node_modules/@perryts/perry-linux-arm64-musl": {
      "version": "0.5.923",
      "resolved": "https://registry.npmjs.org/@perryts/perry-linux-arm64-musl/-/perry-linux-arm64-musl-0.5.923.tgz",
      "integrity": "sha512-NgcQWjkwIqmZnU61RSNkOu1RVOJP6eHaMF+gtSsOv7HynMXtRfdbDDaB7UKWPnLnxiAiwu1yXCkoRZGG+VqYtg==",
      "cpu": [
        "arm64"
      ],
      "license": "MIT",
      "optional": true,
      "os": [
        "linux"
      ]
    },
    "node_modules/@perryts/perry-linux-x64": {
      "version": "0.5.923",
      "resolved": "https://registry.npmjs.org/@perryts/perry-linux-x64/-/perry-linux-x64-0.5.923.tgz",
      "integrity": "sha512-l1ELqna54ohgPA4HKcTcqB1xdATRrTMHUt7knos7uXRvLa/SgnxqlM3ZiI3lZU7l3Cu9b2qwxBGGqAiu6dL7fQ==",
      "cpu": [
        "x64"
      ],
      "license": "MIT",
      "optional": true,
      "os": [
        "linux"
      ]
    },
    "node_modules/@perryts/perry-linux-x64-musl": {
      "version": "0.5.923",
      "resolved": "https://registry.npmjs.org/@perryts/perry-linux-x64-musl/-/perry-linux-x64-musl-0.5.923.tgz",
      "integrity": "sha512-ahQeh96EGSvB7cBof/ZkdFP4RxMht90TLOg3nfuv/15FxzzuVP1Ua2pyKrVW7Tnk2Wd56Rnemcj9HrpDa5Ysqg==",
      "cpu": [
        "x64"
      ],
      "license": "MIT",
      "optional": true,
      "os": [
        "linux"
      ]
    },
    "node_modules/@perryts/perry-win32-x64": {
      "version": "0.5.923",
      "resolved": "https://registry.npmjs.org/@perryts/perry-win32-x64/-/perry-win32-x64-0.5.923.tgz",
      "integrity": "sha512-/nTatC1xzSGpZxY0nQY3WmdsgN8qo06HXP2WwsU6bV9/QdwWtINNCKAVF1wJYAj/Wk6JIsWXfBPfG4PCUCX5PQ==",
      "cpu": [
        "x64"
      ],
      "license": "MIT",
      "optional": true,
      "os": [
        "win32"
      ]
    },
    "node_modules/@piying/valibot-visit": {
      "version": "1.3.13",
      "resolved": "https://registry.npmjs.org/@piying/valibot-visit/-/valibot-visit-1.3.13.tgz",
      "integrity": "sha512-+gQwofDHeVAzdlui0sfm3unYl2PRURJ7RfGbWoFghvM/ELS9CGlhAGROSLWGx1o+4rltY4q+gF4AlXaJCzBRuA==",
      "license": "MIT",
      "dependencies": {
        "valibot": "^1.1.0"
      }
    },
    "node_modules/valibot": {
      "version": "1.4.0",
      "resolved": "https://registry.npmjs.org/valibot/-/valibot-1.4.0.tgz",
      "integrity": "sha512-iC/x7fVcSyOwlm/VSt7RlHnzNGLGvR9GnxdifUeWoCJo0q4ZZvrVkIHC6faTlkxG47I2Y4UrFquPuVHCrOnrLg==",
      "license": "MIT",
      "peerDependencies": {
        "typescript": ">=5"
      },
      "peerDependenciesMeta": {
        "typescript": {
          "optional": true
        }
      }
    }
  }
}
