{
  "name": "perry-test",
  "version": "1.0.0",
  "lockfileVersion": 3,
  "requires": true,
  "packages": {
    "": {
      "name": "perry-test",
      "version": "1.0.0",
      "license": "ISC",
      "dependencies": {
        "@perryts/perry": "^0.5.511"
      }
    },
    "node_modules/@perryts/perry": {
      "version": "0.5.511",
      "resolved": "https://registry.npmjs.org/@perryts/perry/-/perry-0.5.511.tgz",
      "integrity": "sha512-1wrWHn99pF4Gh76wa+TaeAOJKNbERbVl4dYEKaf5/j27KR+t1CF+GU+aNqkaZU4X3OVROPvLGQjmvv3D9MidtQ==",
      "license": "MIT",
      "bin": {
        "perry": "bin/perry.js"
      },
      "engines": {
        "node": ">=16"
      },
      "optionalDependencies": {
        "@perryts/perry-darwin-arm64": "0.5.511",
        "@perryts/perry-darwin-x64": "0.5.511",
        "@perryts/perry-linux-arm64": "0.5.511",
        "@perryts/perry-linux-arm64-musl": "0.5.511",
        "@perryts/perry-linux-x64": "0.5.511",
        "@perryts/perry-linux-x64-musl": "0.5.511",
        "@perryts/perry-win32-x64": "0.5.511"
      }
    },
    "node_modules/@perryts/perry-darwin-arm64": {
      "version": "0.5.511",
      "resolved": "https://registry.npmjs.org/@perryts/perry-darwin-arm64/-/perry-darwin-arm64-0.5.511.tgz",
      "integrity": "sha512-s4dEAguM+skFBZSm405OI/PeNe1zQz/I2FoJEhJKIt5ucUcVkNFP8eKIwKKO2D1gfp7LkKum12Qc/eKeM/ETBw==",
      "cpu": [
        "arm64"
      ],
      "license": "MIT",
      "optional": true,
      "os": [
        "darwin"
      ]
    },
    "node_modules/@perryts/perry-darwin-x64": {
      "version": "0.5.511",
      "resolved": "https://registry.npmjs.org/@perryts/perry-darwin-x64/-/perry-darwin-x64-0.5.511.tgz",
      "integrity": "sha512-ue7HxNs9+h73tkMVNzqIcKeNVDV83Uq43QLmralnmJJFtMVZ45CforD7koYNW0nZUrbmxV96CsaXRSWnk+6XDw==",
      "cpu": [
        "x64"
      ],
      "license": "MIT",
      "optional": true,
      "os": [
        "darwin"
      ]
    },
    "node_modules/@perryts/perry-linux-arm64": {
      "version": "0.5.511",
      "resolved": "https://registry.npmjs.org/@perryts/perry-linux-arm64/-/perry-linux-arm64-0.5.511.tgz",
      "integrity": "sha512-pYDrpo4d6uqfefpQGYuWXCPi+5Ay5eTm7eAP0qRgzaduiAqWbU11Atu5mTi+ewtmzDmDt0RzXB+cPpmZvuysLw==",
      "cpu": [
        "arm64"
      ],
      "license": "MIT",
      "optional": true,
      "os": [
        "linux"
      ]
    },
    "node_modules/@perryts/perry-linux-arm64-musl": {
      "version": "0.5.511",
      "resolved": "https://registry.npmjs.org/@perryts/perry-linux-arm64-musl/-/perry-linux-arm64-musl-0.5.511.tgz",
      "integrity": "sha512-hIW2ru9YjBcSEN3dd/ncbAJnBXvP+6jDgg8bj9o3C+MCS44cP3B8giZkWgQ08wKG/sXdYTdLEZTJMTlr1pTORw==",
      "cpu": [
        "arm64"
      ],
      "license": "MIT",
      "optional": true,
      "os": [
        "linux"
      ]
    },
    "node_modules/@perryts/perry-linux-x64": {
      "version": "0.5.511",
      "resolved": "https://registry.npmjs.org/@perryts/perry-linux-x64/-/perry-linux-x64-0.5.511.tgz",
      "integrity": "sha512-a41XH22U2Qps5IAZSQumVmnO6+wv/vsxiQYR2kZBJKHCpsXHGnd/dbz+72gZYCeHcLeThQ/t9xq4stOlHl7FBQ==",
      "cpu": [
        "x64"
      ],
      "license": "MIT",
      "optional": true,
      "os": [
        "linux"
      ]
    },
    "node_modules/@perryts/perry-linux-x64-musl": {
      "version": "0.5.511",
      "resolved": "https://registry.npmjs.org/@perryts/perry-linux-x64-musl/-/perry-linux-x64-musl-0.5.511.tgz",
      "integrity": "sha512-UJMB/j2fwroBrlKHGhqVon5/8IVjywttuWs8A5TrsL2GiXc/WIdYeA8xSytV1Z474fEtUSseejETk1f1xSTkcg==",
      "cpu": [
        "x64"
      ],
      "license": "MIT",
      "optional": true,
      "os": [
        "linux"
      ]
    },
    "node_modules/@perryts/perry-win32-x64": {
      "version": "0.5.511",
      "resolved": "https://registry.npmjs.org/@perryts/perry-win32-x64/-/perry-win32-x64-0.5.511.tgz",
      "integrity": "sha512-3JAJJf7Dg3Mvik/CFrlctSu/04RLoXY6duL3CKLY8eUF5ISDd/AAKmc0EW3WtwgFxdZpprmgwVaIx0D+YyyLaw==",
      "cpu": [
        "x64"
      ],
      "license": "MIT",
      "optional": true,
      "os": [
        "win32"
      ]
    }
  }
}
